
Microsoft Visual Studio Solution File, Format Version 12.00
# Visual Studio Version 17
VisualStudioVersion = 17.0.31919.166
MinimumVisualStudioVersion = 10.0.40219.1
Project("{FAE04EC0-301F-11D3-BF4B-00C04F79EFBC}") = "Pendulum", "Pendulum\Pendulum.csproj", "{8754556F-70E7-48F5-BA16-544A9EAB12B2}"
EndProject
Global
	GlobalSection(SolutionConfigurationPlatforms) = preSolution
		Debug|Any CPU = Debug|Any CPU
		Release|Any CPU = Release|Any CPU
	EndGlobalSection
	GlobalSection(ProjectConfigurationPlatforms) = postSolution
		{8754556F-70E7-48F5-BA16-544A9EAB12B2}.Debug|Any CPU.ActiveCfg = Debug|Any CPU
		{8754556F-70E7-48F5-BA16-544A9EAB12B2}.Debug|Any CPU.Build.0 = Debug|Any CPU
		{8754556F-70E7-48F5-BA16-544A9EAB12B2}.Release|Any CPU.ActiveCfg = Release|Any CPU
		{8754556F-70E7-48F5-BA16-544A9EAB12B2}.Release|Any CPU.Build.0 = Release|Any CPU
	EndGlobalSection
	GlobalSection(SolutionProperties) = preSolution
		HideSolutionNode = FALSE
	EndGlobalSection
	GlobalSection(ExtensibilityGlobals) = postSolution
		SolutionGuid = {6E8F2775-A9BC-49D9-B15A-852817F3B846}
	EndGlobalSection
EndGlobal
